
Microsoft Visual Studio Solution File, Format Version 10.00
# Visual Studio 2008
Project("{8BC9CEB8-8B4A-11D0-8D11-00A0C91BC942}") = "cat", "Projects7\cat\cat.vcproj", "{D4CC265F-E944-4AC8-B60F-0E301BD9E87B}"
EndProject
Project("{8BC9CEB8-8B4A-11D0-8D11-00A0C91BC942}") = "atou", "Projects7\atou\atou.vcproj", "{B10DDD0F-A438-48BC-AECA-CE09EF51D258}"
EndProject
Project("{8BC9CEB8-8B4A-11D0-8D11-00A0C91BC942}") = "pwd", "Projects7\pwd\pwd.vcproj", "{291DCCD7-A148-4476-BD72-3C772E3B5295}"
EndProject
Project("{8BC9CEB8-8B4A-11D0-8D11-00A0C91BC942}") = "RecordAccess", "Projects7\RecordAccess\RecordAccess.vcproj", "{DB8E0F59-2CF8-42A2-8A16-F387CD622808}"
EndProject
Project("{8BC9CEB8-8B4A-11D0-8D11-00A0C91BC942}") = "lsw", "Projects7\lsw\lsw.vcproj", "{EBA9D922-1D01-4FBE-8083-AE768DFBE9F1}"
EndProject
Project("{8BC9CEB8-8B4A-11D0-8D11-00A0C91BC942}") = "touch", "Projects7\touch\touch.vcproj", "{8918FA86-B8AD-41A2-979C-5278A1DE0868}"
EndProject
Project("{8BC9CEB8-8B4A-11D0-8D11-00A0C91BC942}") = "lsReg", "Projects7\lsReg\lsReg.vcproj", "{5EEB309B-B93F-47C2-86C9-4A49176A41F0}"
EndProject
Project("{8BC9CEB8-8B4A-11D0-8D11-00A0C91BC942}") = "toupper", "Projects7\toupper\toupper.vcproj", "{2F4E0E12-E298-4FB3-B5C4-5D39DF53A241}"
EndProject
Project("{8BC9CEB8-8B4A-11D0-8D11-00A0C91BC942}") = "Exception", "Projects7\Exception\Exception.vcproj", "{870E2A9E-24D6-4179-A94E-42207022EA5C}"
EndProject
Project("{8BC9CEB8-8B4A-11D0-8D11-00A0C91BC942}") = "Ctrlc", "Projects7\Ctrlc\Ctrlc.vcproj", "{329A6401-FCDE-4355-8086-2E7B38B9F482}"
EndProject
Project("{8BC9CEB8-8B4A-11D0-8D11-00A0C91BC942}") = "sortBT", "Projects7\sortBT\sortBT.vcproj", "{55BCCFC1-859C-431E-9433-98CCAD2517D3}"
EndProject
Project("{8BC9CEB8-8B4A-11D0-8D11-00A0C91BC942}") = "Asc2UnMM", "Projects7\Asc2UnMM\Asc2UnMM.vcproj", "{7D16D791-BF5C-4F4A-8D58-DF6EF70C50ED}"
EndProject
Project("{8BC9CEB8-8B4A-11D0-8D11-00A0C91BC942}") = "sortFL", "Projects7\sortFL\sortFL.vcproj", "{BB328EC3-60C8-4FDE-8F9D-E23B4F4E8A61}"
EndProject
Project("{8BC9CEB8-8B4A-11D0-8D11-00A0C91BC942}") = "sortMM", "Projects7\sortMM\sortMM.vcproj", "{82133F79-54D9-4DA6-B545-E1178976E3CD}"
EndProject
Project("{8BC9CEB8-8B4A-11D0-8D11-00A0C91BC942}") = "atouEL", "Projects7\atouEL\atouEL.vcproj", "{9D383DF1-B397-4925-BFFD-670A93A4DF73}"
EndProject
Project("{8BC9CEB8-8B4A-11D0-8D11-00A0C91BC942}") = "grepMP", "Projects7\grepMP\grepMP.vcproj", "{E73890AA-9BF4-4000-9D9C-A0C7C3CA5CB2}"
EndProject
Project("{8BC9CEB8-8B4A-11D0-8D11-00A0C91BC942}") = "timep", "Projects7\timep\timep.vcproj", "{74F9E784-C6AC-4B7B-BE88-1AF77354138B}"
EndProject
Project("{8BC9CEB8-8B4A-11D0-8D11-00A0C91BC942}") = "JobShell", "Projects7\JobShell\JobShell.vcproj", "{8B0D6C43-A0BF-458D-A662-C17606E9C9BA}"
EndProject
Project("{8BC9CEB8-8B4A-11D0-8D11-00A0C91BC942}") = "grepMT", "Projects7\grepMT\grepMT.vcproj", "{3C394617-675A-48A6-BD90-38F52E20448C}"
EndProject
Project("{8BC9CEB8-8B4A-11D0-8D11-00A0C91BC942}") = "sortMT", "Projects7\sortMT\sortMT.vcproj", "{BC1D787E-FFCC-4941-A8CB-9B2B5ED871A9}"
EndProject
Project("{8BC9CEB8-8B4A-11D0-8D11-00A0C91BC942}") = "simplePC", "Projects7\simplePC\simplePC.vcproj", "{E2EB9CB8-0E8D-416A-B55C-CEAFE423E79D}"
EndProject
Project("{8BC9CEB8-8B4A-11D0-8D11-00A0C91BC942}") = "eventPC", "Projects7\eventPC\eventPC.vcproj", "{F014A88E-DBFF-4001-9647-CE40CB15E7D3}"
EndProject
Global
	GlobalSection(SolutionConfigurationPlatforms) = preSolution
		Debug|Win32 = Debug|Win32
		Release|Win32 = Release|Win32
	EndGlobalSection
	GlobalSection(ProjectConfigurationPlatforms) = postSolution
		{D4CC265F-E944-4AC8-B60F-0E301BD9E87B}.Debug|Win32.ActiveCfg = Debug|Win32
		{D4CC265F-E944-4AC8-B60F-0E301BD9E87B}.Debug|Win32.Build.0 = Debug|Win32
		{D4CC265F-E944-4AC8-B60F-0E301BD9E87B}.Release|Win32.ActiveCfg = Release|Win32
		{D4CC265F-E944-4AC8-B60F-0E301BD9E87B}.Release|Win32.Build.0 = Release|Win32
		{B10DDD0F-A438-48BC-AECA-CE09EF51D258}.Debug|Win32.ActiveCfg = Debug|Win32
		{B10DDD0F-A438-48BC-AECA-CE09EF51D258}.Debug|Win32.Build.0 = Debug|Win32
		{B10DDD0F-A438-48BC-AECA-CE09EF51D258}.Release|Win32.ActiveCfg = Release|Win32
		{B10DDD0F-A438-48BC-AECA-CE09EF51D258}.Release|Win32.Build.0 = Release|Win32
		{291DCCD7-A148-4476-BD72-3C772E3B5295}.Debug|Win32.ActiveCfg = Debug|Win32
		{291DCCD7-A148-4476-BD72-3C772E3B5295}.Debug|Win32.Build.0 = Debug|Win32
		{291DCCD7-A148-4476-BD72-3C772E3B5295}.Release|Win32.ActiveCfg = Release|Win32
		{291DCCD7-A148-4476-BD72-3C772E3B5295}.Release|Win32.Build.0 = Release|Win32
		{DB8E0F59-2CF8-42A2-8A16-F387CD622808}.Debug|Win32.ActiveCfg = Debug|Win32
		{DB8E0F59-2CF8-42A2-8A16-F387CD622808}.Debug|Win32.Build.0 = Debug|Win32
		{DB8E0F59-2CF8-42A2-8A16-F387CD622808}.Release|Win32.ActiveCfg = Release|Win32
		{DB8E0F59-2CF8-42A2-8A16-F387CD622808}.Release|Win32.Build.0 = Release|Win32
		{EBA9D922-1D01-4FBE-8083-AE768DFBE9F1}.Debug|Win32.ActiveCfg = Debug|Win32
		{EBA9D922-1D01-4FBE-8083-AE768DFBE9F1}.Debug|Win32.Build.0 = Debug|Win32
		{EBA9D922-1D01-4FBE-8083-AE768DFBE9F1}.Release|Win32.ActiveCfg = Release|Win32
		{EBA9D922-1D01-4FBE-8083-AE768DFBE9F1}.Release|Win32.Build.0 = Release|Win32
		{8918FA86-B8AD-41A2-979C-5278A1DE0868}.Debug|Win32.ActiveCfg = Debug|Win32
		{8918FA86-B8AD-41A2-979C-5278A1DE0868}.Debug|Win32.Build.0 = Debug|Win32
		{8918FA86-B8AD-41A2-979C-5278A1DE0868}.Release|Win32.ActiveCfg = Release|Win32
		{8918FA86-B8AD-41A2-979C-5278A1DE0868}.Release|Win32.Build.0 = Release|Win32
		{5EEB309B-B93F-47C2-86C9-4A49176A41F0}.Debug|Win32.ActiveCfg = Debug|Win32
		{5EEB309B-B93F-47C2-86C9-4A49176A41F0}.Debug|Win32.Build.0 = Debug|Win32
		{5EEB309B-B93F-47C2-86C9-4A49176A41F0}.Release|Win32.ActiveCfg = Release|Win32
		{5EEB309B-B93F-47C2-86C9-4A49176A41F0}.Release|Win32.Build.0 = Release|Win32
		{2F4E0E12-E298-4FB3-B5C4-5D39DF53A241}.Debug|Win32.ActiveCfg = Debug|Win32
		{2F4E0E12-E298-4FB3-B5C4-5D39DF53A241}.Debug|Win32.Build.0 = Debug|Win32
		{2F4E0E12-E298-4FB3-B5C4-5D39DF53A241}.Release|Win32.ActiveCfg = Release|Win32
		{2F4E0E12-E298-4FB3-B5C4-5D39DF53A241}.Release|Win32.Build.0 = Release|Win32
		{870E2A9E-24D6-4179-A94E-42207022EA5C}.Debug|Win32.ActiveCfg = Debug|Win32
		{870E2A9E-24D6-4179-A94E-42207022EA5C}.Debug|Win32.Build.0 = Debug|Win32
		{870E2A9E-24D6-4179-A94E-42207022EA5C}.Release|Win32.ActiveCfg = Release|Win32
		{870E2A9E-24D6-4179-A94E-42207022EA5C}.Release|Win32.Build.0 = Release|Win32
		{329A6401-FCDE-4355-8086-2E7B38B9F482}.Debug|Win32.ActiveCfg = Debug|Win32
		{329A6401-FCDE-4355-8086-2E7B38B9F482}.Debug|Win32.Build.0 = Debug|Win32
		{329A6401-FCDE-4355-8086-2E7B38B9F482}.Release|Win32.ActiveCfg = Release|Win32
		{329A6401-FCDE-4355-8086-2E7B38B9F482}.Release|Win32.Build.0 = Release|Win32
		{55BCCFC1-859C-431E-9433-98CCAD2517D3}.Debug|Win32.ActiveCfg = Debug|Win32
		{55BCCFC1-859C-431E-9433-98CCAD2517D3}.Debug|Win32.Build.0 = Debug|Win32
		{55BCCFC1-859C-431E-9433-98CCAD2517D3}.Release|Win32.ActiveCfg = Release|Win32
		{55BCCFC1-859C-431E-9433-98CCAD2517D3}.Release|Win32.Build.0 = Release|Win32
		{7D16D791-BF5C-4F4A-8D58-DF6EF70C50ED}.Debug|Win32.ActiveCfg = Debug|Win32
		{7D16D791-BF5C-4F4A-8D58-DF6EF70C50ED}.Debug|Win32.Build.0 = Debug|Win32
		{7D16D791-BF5C-4F4A-8D58-DF6EF70C50ED}.Release|Win32.ActiveCfg = Release|Win32
		{7D16D791-BF5C-4F4A-8D58-DF6EF70C50ED}.Release|Win32.Build.0 = Release|Win32
		{BB328EC3-60C8-4FDE-8F9D-E23B4F4E8A61}.Debug|Win32.ActiveCfg = Debug|Win32
		{BB328EC3-60C8-4FDE-8F9D-E23B4F4E8A61}.Debug|Win32.Build.0 = Debug|Win32
		{BB328EC3-60C8-4FDE-8F9D-E23B4F4E8A61}.Release|Win32.ActiveCfg = Release|Win32
		{BB328EC3-60C8-4FDE-8F9D-E23B4F4E8A61}.Release|Win32.Build.0 = Release|Win32
		{82133F79-54D9-4DA6-B545-E1178976E3CD}.Debug|Win32.ActiveCfg = Debug|Win32
		{82133F79-54D9-4DA6-B545-E1178976E3CD}.Debug|Win32.Build.0 = Debug|Win32
		{82133F79-54D9-4DA6-B545-E1178976E3CD}.Release|Win32.ActiveCfg = Release|Win32
		{82133F79-54D9-4DA6-B545-E1178976E3CD}.Release|Win32.Build.0 = Release|Win32
		{9D383DF1-B397-4925-BFFD-670A93A4DF73}.Debug|Win32.ActiveCfg = Debug|Win32
		{9D383DF1-B397-4925-BFFD-670A93A4DF73}.Debug|Win32.Build.0 = Debug|Win32
		{9D383DF1-B397-4925-BFFD-670A93A4DF73}.Release|Win32.ActiveCfg = Release|Win32
		{9D383DF1-B397-4925-BFFD-670A93A4DF73}.Release|Win32.Build.0 = Release|Win32
		{E73890AA-9BF4-4000-9D9C-A0C7C3CA5CB2}.Debug|Win32.ActiveCfg = Debug|Win32
		{E73890AA-9BF4-4000-9D9C-A0C7C3CA5CB2}.Debug|Win32.Build.0 = Debug|Win32
		{E73890AA-9BF4-4000-9D9C-A0C7C3CA5CB2}.Release|Win32.ActiveCfg = Release|Win32
		{E73890AA-9BF4-4000-9D9C-A0C7C3CA5CB2}.Release|Win32.Build.0 = Release|Win32
		{74F9E784-C6AC-4B7B-BE88-1AF77354138B}.Debug|Win32.ActiveCfg = Debug|Win32
		{74F9E784-C6AC-4B7B-BE88-1AF77354138B}.Debug|Win32.Build.0 = Debug|Win32
		{74F9E784-C6AC-4B7B-BE88-1AF77354138B}.Release|Win32.ActiveCfg = Release|Win32
		{74F9E784-C6AC-4B7B-BE88-1AF77354138B}.Release|Win32.Build.0 = Release|Win32
		{8B0D6C43-A0BF-458D-A662-C17606E9C9BA}.Debug|Win32.ActiveCfg = Debug|Win32
		{8B0D6C43-A0BF-458D-A662-C17606E9C9BA}.Debug|Win32.Build.0 = Debug|Win32
		{8B0D6C43-A0BF-458D-A662-C17606E9C9BA}.Release|Win32.ActiveCfg = Release|Win32
		{8B0D6C43-A0BF-458D-A662-C17606E9C9BA}.Release|Win32.Build.0 = Release|Win32
		{3C394617-675A-48A6-BD90-38F52E20448C}.Debug|Win32.ActiveCfg = Debug|Win32
		{3C394617-675A-48A6-BD90-38F52E20448C}.Debug|Win32.Build.0 = Debug|Win32
		{3C394617-675A-48A6-BD90-38F52E20448C}.Release|Win32.ActiveCfg = Release|Win32
		{3C394617-675A-48A6-BD90-38F52E20448C}.Release|Win32.Build.0 = Release|Win32
		{BC1D787E-FFCC-4941-A8CB-9B2B5ED871A9}.Debug|Win32.ActiveCfg = Debug|Win32
		{BC1D787E-FFCC-4941-A8CB-9B2B5ED871A9}.Debug|Win32.Build.0 = Debug|Win32
		{BC1D787E-FFCC-4941-A8CB-9B2B5ED871A9}.Release|Win32.ActiveCfg = Release|Win32
		{BC1D787E-FFCC-4941-A8CB-9B2B5ED871A9}.Release|Win32.Build.0 = Release|Win32
		{E2EB9CB8-0E8D-416A-B55C-CEAFE423E79D}.Debug|Win32.ActiveCfg = Debug|Win32
		{E2EB9CB8-0E8D-416A-B55C-CEAFE423E79D}.Debug|Win32.Build.0 = Debug|Win32
		{E2EB9CB8-0E8D-416A-B55C-CEAFE423E79D}.Release|Win32.ActiveCfg = Release|Win32
		{E2EB9CB8-0E8D-416A-B55C-CEAFE423E79D}.Release|Win32.Build.0 = Release|Win32
		{F014A88E-DBFF-4001-9647-CE40CB15E7D3}.Debug|Win32.ActiveCfg = Debug|Win32
		{F014A88E-DBFF-4001-9647-CE40CB15E7D3}.Debug|Win32.Build.0 = Debug|Win32
		{F014A88E-DBFF-4001-9647-CE40CB15E7D3}.Release|Win32.ActiveCfg = Release|Win32
		{F014A88E-DBFF-4001-9647-CE40CB15E7D3}.Release|Win32.Build.0 = Release|Win32
	EndGlobalSection
	GlobalSection(SolutionProperties) = preSolution
		HideSolutionNode = FALSE
	EndGlobalSection
EndGlobal
